// !$*UTF8*$!
{
	archiveVersion = 1;
	classes = {
	};
	objectVersion = 55;
	objects = {

/* Begin PBXBuildFile section */
		96083B592858CAF5004E1973 /* Day7.swift in Sources */ = {isa = PBXBuildFile; fileRef = 96083B582858CAF5004E1973 /* Day7.swift */; };
		9636AF8A28672F2F002511C1 /* Day10.swift in Sources */ = {isa = PBXBuildFile; fileRef = 9636AF8928672F2F002511C1 /* Day10.swift */; };
		9636AF8C28681A69002511C1 /* Day11.swift in Sources */ = {isa = PBXBuildFile; fileRef = 9636AF8B28681A69002511C1 /* Day11.swift */; };
		963B74EC2854CF2D003B6E08 /* Day6.swift in Sources */ = {isa = PBXBuildFile; fileRef = 963B74EB2854CF2D003B6E08 /* Day6.swift */; };
		96436BBF284FA2F000A023A0 /* Day3.swift in Sources */ = {isa = PBXBuildFile; fileRef = 96436BBE284FA2F000A023A0 /* Day3.swift */; };
		96436BC1284FAC8700A023A0 /* Day4.swift in Sources */ = {isa = PBXBuildFile; fileRef = 96436BC0284FAC8700A023A0 /* Day4.swift */; };
		966BC8E32850ADB00008FC11 /* Day5.swift in Sources */ = {isa = PBXBuildFile; fileRef = 966BC8E22850ADB00008FC11 /* Day5.swift */; };
		9676D188284DF72A00C379B0 /* DailyStudyApp.swift in Sources */ = {isa = PBXBuildFile; fileRef = 9676D187284DF72A00C379B0 /* DailyStudyApp.swift */; };
		9676D18A284DF72A00C379B0 /* ContentView.swift in Sources */ = {isa = PBXBuildFile; fileRef = 9676D189284DF72A00C379B0 /* ContentView.swift */; };
		9676D18C284DF72A00C379B0 /* Assets.xcassets in Resources */ = {isa = PBXBuildFile; fileRef = 9676D18B284DF72A00C379B0 /* Assets.xcassets */; };
		9676D18F284DF72A00C379B0 /* Preview Assets.xcassets in Resources */ = {isa = PBXBuildFile; fileRef = 9676D18E284DF72A00C379B0 /* Preview Assets.xcassets */; };
		9676D199284DF72A00C379B0 /* DailyStudyTests.swift in Sources */ = {isa = PBXBuildFile; fileRef = 9676D198284DF72A00C379B0 /* DailyStudyTests.swift */; };
		9676D1A3284DF72A00C379B0 /* DailyStudyUITests.swift in Sources */ = {isa = PBXBuildFile; fileRef = 9676D1A2284DF72A00C379B0 /* DailyStudyUITests.swift */; };
		9676D1A5284DF72A00C379B0 /* DailyStudyUITestsLaunchTests.swift in Sources */ = {isa = PBXBuildFile; fileRef = 9676D1A4284DF72A00C379B0 /* DailyStudyUITestsLaunchTests.swift */; };
		9676D1B2284DF73F00C379B0 /* Day1.swift in Sources */ = {isa = PBXBuildFile; fileRef = 9676D1B1284DF73F00C379B0 /* Day1.swift */; };
		9676D1B4284E06F600C379B0 /* Day2.swift in Sources */ = {isa = PBXBuildFile; fileRef = 9676D1B3284E06F600C379B0 /* Day2.swift */; };
		9676D1B7284E071100C379B0 /* SwiftUIPager in Frameworks */ = {isa = PBXBuildFile; productRef = 9676D1B6284E071100C379B0 /* SwiftUIPager */; };
		96A252BA28782B89006D4126 /* Day16.swift in Sources */ = {isa = PBXBuildFile; fileRef = 96A252B928782B89006D4126 /* Day16.swift */; };
		96D1A581287440A30080C215 /* Day14.swift in Sources */ = {isa = PBXBuildFile; fileRef = 96D1A580287440A30080C215 /* Day14.swift */; };
		96D1A588287474A90080C215 /* Day15.swift in Sources */ = {isa = PBXBuildFile; fileRef = 96D1A587287474A90080C215 /* Day15.swift */; };
		96E62938285C8B76002A0240 /* Day8.swift in Sources */ = {isa = PBXBuildFile; fileRef = 96E62937285C8B76002A0240 /* Day8.swift */; };
		96E6293A285CBF87002A0240 /* Day9.swift in Sources */ = {isa = PBXBuildFile; fileRef = 96E62939285CBF87002A0240 /* Day9.swift */; };
		96FA7092286F09F1006EDE94 /* Day12.swift in Sources */ = {isa = PBXBuildFile; fileRef = 96FA7091286F09F1006EDE94 /* Day12.swift */; };
		96FA7099286F2E29006EDE94 /* Day13.swift in Sources */ = {isa = PBXBuildFile; fileRef = 96FA7098286F2E29006EDE94 /* Day13.swift */; };
/* End PBXBuildFile section */

/* Begin PBXContainerItemProxy section */
		9676D195284DF72A00C379B0 /* PBXContainerItemProxy */ = {
			isa = PBXContainerItemProxy;
			containerPortal = 9676D17C284DF72A00C379B0 /* Project object */;
			proxyType = 1;
			remoteGlobalIDString = 9676D183284DF72A00C379B0;
			remoteInfo = DailyStudy;
		};
		9676D19F284DF72A00C379B0 /* PBXContainerItemProxy */ = {
			isa = PBXContainerItemProxy;
			containerPortal = 9676D17C284DF72A00C379B0 /* Project object */;
			proxyType = 1;
			remoteGlobalIDString = 9676D183284DF72A00C379B0;
			remoteInfo = DailyStudy;
		};
/* End PBXContainerItemProxy section */

/* Begin PBXFileReference section */
		96083B582858CAF5004E1973 /* Day7.swift */ = {isa = PBXFileReference; lastKnownFileType = sourcecode.swift; path = Day7.swift; sourceTree = "<group>"; };
		9636AF8928672F2F002511C1 /* Day10.swift */ = {isa = PBXFileReference; lastKnownFileType = sourcecode.swift; path = Day10.swift; sourceTree = "<group>"; };
		9636AF8B28681A69002511C1 /* Day11.swift */ = {isa = PBXFileReference; lastKnownFileType = sourcecode.swift; path = Day11.swift; sourceTree = "<group>"; };
		963B74EB2854CF2D003B6E08 /* Day6.swift */ = {isa = PBXFileReference; lastKnownFileType = sourcecode.swift; path = Day6.swift; sourceTree = "<group>"; };
		96436BBE284FA2F000A023A0 /* Day3.swift */ = {isa = PBXFileReference; lastKnownFileType = sourcecode.swift; path = Day3.swift; sourceTree = "<group>"; };
		96436BC0284FAC8700A023A0 /* Day4.swift */ = {isa = PBXFileReference; lastKnownFileType = sourcecode.swift; path = Day4.swift; sourceTree = "<group>"; };
		966BC8E22850ADB00008FC11 /* Day5.swift */ = {isa = PBXFileReference; lastKnownFileType = sourcecode.swift; path = Day5.swift; sourceTree = "<group>"; };
		9676D184284DF72A00C379B0 /* DailyStudy.app */ = {isa = PBXFileReference; explicitFileType = wrapper.application; includeInIndex = 0; path = DailyStudy.app; sourceTree = BUILT_PRODUCTS_DIR; };
		9676D187284DF72A00C379B0 /* DailyStudyApp.swift */ = {isa = PBXFileReference; lastKnownFileType = sourcecode.swift; path = DailyStudyApp.swift; sourceTree = "<group>"; };
		9676D189284DF72A00C379B0 /* ContentView.swift */ = {isa = PBXFileReference; lastKnownFileType = sourcecode.swift; path = ContentView.swift; sourceTree = "<group>"; };
		9676D18B284DF72A00C379B0 /* Assets.xcassets */ = {isa = PBXFileReference; lastKnownFileType = folder.assetcatalog; path = Assets.xcassets; sourceTree = "<group>"; };
		9676D18E284DF72A00C379B0 /* Preview Assets.xcassets */ = {isa = PBXFileReference; lastKnownFileType = folder.assetcatalog; path = "Preview Assets.xcassets"; sourceTree = "<group>"; };
		9676D194284DF72A00C379B0 /* DailyStudyTests.xctest */ = {isa = PBXFileReference; explicitFileType = wrapper.cfbundle; includeInIndex = 0; path = DailyStudyTests.xctest; sourceTree = BUILT_PRODUCTS_DIR; };
		9676D198284DF72A00C379B0 /* DailyStudyTests.swift */ = {isa = PBXFileReference; lastKnownFileType = sourcecode.swift; path = DailyStudyTests.swift; sourceTree = "<group>"; };
		9676D19E284DF72A00C379B0 /* DailyStudyUITests.xctest */ = {isa = PBXFileReference; explicitFileType = wrapper.cfbundle; includeInIndex = 0; path = DailyStudyUITests.xctest; sourceTree = BUILT_PRODUCTS_DIR; };
		9676D1A2284DF72A00C379B0 /* DailyStudyUITests.swift */ = {isa = PBXFileReference; lastKnownFileType = sourcecode.swift; path = DailyStudyUITests.swift; sourceTree = "<group>"; };
		9676D1A4284DF72A00C379B0 /* DailyStudyUITestsLaunchTests.swift */ = {isa = PBXFileReference; lastKnownFileType = sourcecode.swift; path = DailyStudyUITestsLaunchTests.swift; sourceTree = "<group>"; };
		9676D1B1284DF73F00C379B0 /* Day1.swift */ = {isa = PBXFileReference; lastKnownFileType = sourcecode.swift; path = Day1.swift; sourceTree = "<group>"; };
		9676D1B3284E06F600C379B0 /* Day2.swift */ = {isa = PBXFileReference; lastKnownFileType = sourcecode.swift; path = Day2.swift; sourceTree = "<group>"; };
		96A252B928782B89006D4126 /* Day16.swift */ = {isa = PBXFileReference; lastKnownFileType = sourcecode.swift; path = Day16.swift; sourceTree = "<group>"; };
		96D1A580287440A30080C215 /* Day14.swift */ = {isa = PBXFileReference; lastKnownFileType = sourcecode.swift; path = Day14.swift; sourceTree = "<group>"; };
		96D1A587287474A90080C215 /* Day15.swift */ = {isa = PBXFileReference; lastKnownFileType = sourcecode.swift; path = Day15.swift; sourceTree = "<group>"; };
		96E62937285C8B76002A0240 /* Day8.swift */ = {isa = PBXFileReference; lastKnownFileType = sourcecode.swift; path = Day8.swift; sourceTree = "<group>"; };
		96E62939285CBF87002A0240 /* Day9.swift */ = {isa = PBXFileReference; lastKnownFileType = sourcecode.swift; path = Day9.swift; sourceTree = "<group>"; };
		96FA7091286F09F1006EDE94 /* Day12.swift */ = {isa = PBXFileReference; lastKnownFileType = sourcecode.swift; path = Day12.swift; sourceTree = "<group>"; };
		96FA7098286F2E29006EDE94 /* Day13.swift */ = {isa = PBXFileReference; lastKnownFileType = sourcecode.swift; path = Day13.swift; sourceTree = "<group>"; };
/* End PBXFileReference section */

/* Begin PBXFrameworksBuildPhase section */
		9676D181284DF72A00C379B0 /* Frameworks */ = {
			isa = PBXFrameworksBuildPhase;
			buildActionMask = 2147483647;
			files = (
				9676D1B7284E071100C379B0 /* SwiftUIPager in Frameworks */,
			);
			runOnlyForDeploymentPostprocessing = 0;
		};
		9676D191284DF72A00C379B0 /* Frameworks */ = {
			isa = PBXFrameworksBuildPhase;
			buildActionMask = 2147483647;
			files = (
			);
			runOnlyForDeploymentPostprocessing = 0;
		};
		9676D19B284DF72A00C379B0 /* Frameworks */ = {
			isa = PBXFrameworksBuildPhase;
			buildActionMask = 2147483647;
			files = (
			);
			runOnlyForDeploymentPostprocessing = 0;
		};
/* End PBXFrameworksBuildPhase section */

/* Begin PBXGroup section */
		9676D17B284DF72A00C379B0 = {
			isa = PBXGroup;
			children = (
				9676D186284DF72A00C379B0 /* DailyStudy */,
				9676D197284DF72A00C379B0 /* DailyStudyTests */,
				9676D1A1284DF72A00C379B0 /* DailyStudyUITests */,
				9676D185284DF72A00C379B0 /* Products */,
			);
			sourceTree = "<group>";
		};
		9676D185284DF72A00C379B0 /* Products */ = {
			isa = PBXGroup;
			children = (
				9676D184284DF72A00C379B0 /* DailyStudy.app */,
				9676D194284DF72A00C379B0 /* DailyStudyTests.xctest */,
				9676D19E284DF72A00C379B0 /* DailyStudyUITests.xctest */,
			);
			name = Products;
			sourceTree = "<group>";
		};
		9676D186284DF72A00C379B0 /* DailyStudy */ = {
			isa = PBXGroup;
			children = (
				9676D187284DF72A00C379B0 /* DailyStudyApp.swift */,
				9676D189284DF72A00C379B0 /* ContentView.swift */,
				9676D1B1284DF73F00C379B0 /* Day1.swift */,
				9676D1B3284E06F600C379B0 /* Day2.swift */,
				96436BBE284FA2F000A023A0 /* Day3.swift */,
				96436BC0284FAC8700A023A0 /* Day4.swift */,
				966BC8E22850ADB00008FC11 /* Day5.swift */,
				963B74EB2854CF2D003B6E08 /* Day6.swift */,
				96083B582858CAF5004E1973 /* Day7.swift */,
				96E62937285C8B76002A0240 /* Day8.swift */,
				96E62939285CBF87002A0240 /* Day9.swift */,
				9636AF8928672F2F002511C1 /* Day10.swift */,
				9636AF8B28681A69002511C1 /* Day11.swift */,
				96FA7091286F09F1006EDE94 /* Day12.swift */,
				96FA7098286F2E29006EDE94 /* Day13.swift */,
				96D1A580287440A30080C215 /* Day14.swift */,
				96D1A587287474A90080C215 /* Day15.swift */,
				96A252B928782B89006D4126 /* Day16.swift */,
				9676D18B284DF72A00C379B0 /* Assets.xcassets */,
				9676D18D284DF72A00C379B0 /* Preview Content */,
			);
			path = DailyStudy;
			sourceTree = "<group>";
		};
		9676D18D284DF72A00C379B0 /* Preview Content */ = {
			isa = PBXGroup;
			children = (
				9676D18E284DF72A00C379B0 /* Preview Assets.xcassets */,
			);
			path = "Preview Content";
			sourceTree = "<group>";
		};
		9676D197284DF72A00C379B0 /* DailyStudyTests */ = {
			isa = PBXGroup;
			children = (
				9676D198284DF72A00C379B0 /* DailyStudyTests.swift */,
			);
			path = DailyStudyTests;
			sourceTree = "<group>";
		};
		9676D1A1284DF72A00C379B0 /* DailyStudyUITests */ = {
			isa = PBXGroup;
			children = (
				9676D1A2284DF72A00C379B0 /* DailyStudyUITests.swift */,
				9676D1A4284DF72A00C379B0 /* DailyStudyUITestsLaunchTests.swift */,
			);
			path = DailyStudyUITests;
			sourceTree = "<group>";
		};
/* End PBXGroup section */

/* Begin PBXNativeTarget section */
		9676D183284DF72A00C379B0 /* DailyStudy */ = {
			isa = PBXNativeTarget;
			buildConfigurationList = 9676D1A8284DF72A00C379B0 /* Build configuration list for PBXNativeTarget "DailyStudy" */;
			buildPhases = (
				9676D180284DF72A00C379B0 /* Sources */,
				9676D181284DF72A00C379B0 /* Frameworks */,
				9676D182284DF72A00C379B0 /* Resources */,
			);
			buildRules = (
			);
			dependencies = (
			);
			name = DailyStudy;
			packageProductDependencies = (
				9676D1B6284E071100C379B0 /* SwiftUIPager */,
			);
			productName = DailyStudy;
			productReference = 9676D184284DF72A00C379B0 /* DailyStudy.app */;
			productType = "com.apple.product-type.application";
		};
		9676D193284DF72A00C379B0 /* DailyStudyTests */ = {
			isa = PBXNativeTarget;
			buildConfigurationList = 9676D1AB284DF72A00C379B0 /* Build configuration list for PBXNativeTarget "DailyStudyTests" */;
			buildPhases = (
				9676D190284DF72A00C379B0 /* Sources */,
				9676D191284DF72A00C379B0 /* Frameworks */,
				9676D192284DF72A00C379B0 /* Resources */,
			);
			buildRules = (
			);
			dependencies = (
				9676D196284DF72A00C379B0 /* PBXTargetDependency */,
			);
			name = DailyStudyTests;
			productName = DailyStudyTests;
			productReference = 9676D194284DF72A00C379B0 /* DailyStudyTests.xctest */;
			productType = "com.apple.product-type.bundle.unit-test";
		};
		9676D19D284DF72A00C379B0 /* DailyStudyUITests */ = {
			isa = PBXNativeTarget;
			buildConfigurationList = 9676D1AE284DF72A00C379B0 /* Build configuration list for PBXNativeTarget "DailyStudyUITests" */;
			buildPhases = (
				9676D19A284DF72A00C379B0 /* Sources */,
				9676D19B284DF72A00C379B0 /* Frameworks */,
				9676D19C284DF72A00C379B0 /* Resources */,
			);
			buildRules = (
			);
			dependencies = (
				9676D1A0284DF72A00C379B0 /* PBXTargetDependency */,
			);
			name = DailyStudyUITests;
			productName = DailyStudyUITests;
			productReference = 9676D19E284DF72A00C379B0 /* DailyStudyUITests.xctest */;
			productType = "com.apple.product-type.bundle.ui-testing";
		};
/* End PBXNativeTarget section */

/* Begin PBXProject section */
		9676D17C284DF72A00C379B0 /* Project object */ = {
			isa = PBXProject;
			attributes = {
				BuildIndependentTargetsInParallel = 1;
				LastSwiftUpdateCheck = 1340;
				LastUpgradeCheck = 1340;
				TargetAttributes = {
					9676D183284DF72A00C379B0 = {
						CreatedOnToolsVersion = 13.4.1;
					};
					9676D193284DF72A00C379B0 = {
						CreatedOnToolsVersion = 13.4.1;
						TestTargetID = 9676D183284DF72A00C379B0;
					};
					9676D19D284DF72A00C379B0 = {
						CreatedOnToolsVersion = 13.4.1;
						TestTargetID = 9676D183284DF72A00C379B0;
					};
				};
			};
			buildConfigurationList = 9676D17F284DF72A00C379B0 /* Build configuration list for PBXProject "DailyStudy" */;
			compatibilityVersion = "Xcode 13.0";
			developmentRegion = en;
			hasScannedForEncodings = 0;
			knownRegions = (
				en,
				Base,
			);
			mainGroup = 9676D17B284DF72A00C379B0;
			packageReferences = (
				9676D1B5284E071100C379B0 /* XCRemoteSwiftPackageReference "SwiftUIPager" */,
			);
			productRefGroup = 9676D185284DF72A00C379B0 /* Products */;
			projectDirPath = "";
			projectRoot = "";
			targets = (
				9676D183284DF72A00C379B0 /* DailyStudy */,
				9676D193284DF72A00C379B0 /* DailyStudyTests */,
				9676D19D284DF72A00C379B0 /* DailyStudyUITests */,
			);
		};
/* End PBXProject section */

/* Begin PBXResourcesBuildPhase section */
		9676D182284DF72A00C379B0 /* Resources */ = {
			isa = PBXResourcesBuildPhase;
			buildActionMask = 2147483647;
			files = (
				9676D18F284DF72A00C379B0 /* Preview Assets.xcassets in Resources */,
				9676D18C284DF72A00C379B0 /* Assets.xcassets in Resources */,
			);
			runOnlyForDeploymentPostprocessing = 0;
		};
		9676D192284DF72A00C379B0 /* Resources */ = {
			isa = PBXResourcesBuildPhase;
			buildActionMask = 2147483647;
			files = (
			);
			runOnlyForDeploymentPostprocessing = 0;
		};
		9676D19C284DF72A00C379B0 /* Resources */ = {
			isa = PBXResourcesBuildPhase;
			buildActionMask = 2147483647;
			files = (
			);
			runOnlyForDeploymentPostprocessing = 0;
		};
/* End PBXResourcesBuildPhase section */

/* Begin PBXSourcesBuildPhase section */
		9676D180284DF72A00C379B0 /* Sources */ = {
			isa = PBXSourcesBuildPhase;
			buildActionMask = 2147483647;
			files = (
				9676D18A284DF72A00C379B0 /* ContentView.swift in Sources */,
				96D1A588287474A90080C215 /* Day15.swift in Sources */,
				9636AF8C28681A69002511C1 /* Day11.swift in Sources */,
				96E62938285C8B76002A0240 /* Day8.swift in Sources */,
				963B74EC2854CF2D003B6E08 /* Day6.swift in Sources */,
				966BC8E32850ADB00008FC11 /* Day5.swift in Sources */,
				96436BC1284FAC8700A023A0 /* Day4.swift in Sources */,
				9636AF8A28672F2F002511C1 /* Day10.swift in Sources */,
				96436BBF284FA2F000A023A0 /* Day3.swift in Sources */,
				96FA7099286F2E29006EDE94 /* Day13.swift in Sources */,
				96D1A581287440A30080C215 /* Day14.swift in Sources */,
				96A252BA28782B89006D4126 /* Day16.swift in Sources */,
				96E6293A285CBF87002A0240 /* Day9.swift in Sources */,
				9676D1B4284E06F600C379B0 /* Day2.swift in Sources */,
				96083B592858CAF5004E1973 /* Day7.swift in Sources */,
				96FA7092286F09F1006EDE94 /* Day12.swift in Sources */,
				9676D1B2284DF73F00C379B0 /* Day1.swift in Sources */,
				9676D188284DF72A00C379B0 /* DailyStudyApp.swift in Sources */,
			);
			runOnlyForDeploymentPostprocessing = 0;
		};
		9676D190284DF72A00C379B0 /* Sources */ = {
			isa = PBXSourcesBuildPhase;
			buildActionMask = 2147483647;
			files = (
				9676D199284DF72A00C379B0 /* DailyStudyTests.swift in Sources */,
			);
			runOnlyForDeploymentPostprocessing = 0;
		};
		9676D19A284DF72A00C379B0 /* Sources */ = {
			isa = PBXSourcesBuildPhase;
			buildActionMask = 2147483647;
			files = (
				9676D1A5284DF72A00C379B0 /* DailyStudyUITestsLaunchTests.swift in Sources */,
				9676D1A3284DF72A00C379B0 /* DailyStudyUITests.swift in Sources */,
			);
			runOnlyForDeploymentPostprocessing = 0;
		};
/* End PBXSourcesBuildPhase section */

/* Begin PBXTargetDependency section */
		9676D196284DF72A00C379B0 /* PBXTargetDependency */ = {
			isa = PBXTargetDependency;
			target = 9676D183284DF72A00C379B0 /* DailyStudy */;
			targetProxy = 9676D195284DF72A00C379B0 /* PBXContainerItemProxy */;
		};
		9676D1A0284DF72A00C379B0 /* PBXTargetDependency */ = {
			isa = PBXTargetDependency;
			target = 9676D183284DF72A00C379B0 /* DailyStudy */;
			targetProxy = 9676D19F284DF72A00C379B0 /* PBXContainerItemProxy */;
		};
/* End PBXTargetDependency section */

/* Begin XCBuildConfiguration section */
		9676D1A6284DF72A00C379B0 /* Debug */ = {
			isa = XCBuildConfiguration;
			buildSettings = {
				ALWAYS_SEARCH_USER_PATHS = NO;
				CLANG_ANALYZER_NONNULL = YES;
				CLANG_ANALYZER_NUMBER_OBJECT_CONVERSION = YES_AGGRESSIVE;
				CLANG_CXX_LANGUAGE_STANDARD = "gnu++17";
				CLANG_ENABLE_MODULES = YES;
				CLANG_ENABLE_OBJC_ARC = YES;
				CLANG_ENABLE_OBJC_WEAK = YES;
				CLANG_WARN_BLOCK_CAPTURE_AUTORELEASING = YES;
				CLANG_WARN_BOOL_CONVERSION = YES;
				CLANG_WARN_COMMA = YES;
				CLANG_WARN_CONSTANT_CONVERSION = YES;
				CLANG_WARN_DEPRECATED_OBJC_IMPLEMENTATIONS = YES;
				CLANG_WARN_DIRECT_OBJC_ISA_USAGE = YES_ERROR;
				CLANG_WARN_DOCUMENTATION_COMMENTS = YES;
				CLANG_WARN_EMPTY_BODY = YES;
				CLANG_WARN_ENUM_CONVERSION = YES;
				CLANG_WARN_INFINITE_RECURSION = YES;
				CLANG_WARN_INT_CONVERSION = YES;
				CLANG_WARN_NON_LITERAL_NULL_CONVERSION = YES;
				CLANG_WARN_OBJC_IMPLICIT_RETAIN_SELF = YES;
				CLANG_WARN_OBJC_LITERAL_CONVERSION = YES;
				CLANG_WARN_OBJC_ROOT_CLASS = YES_ERROR;
				CLANG_WARN_QUOTED_INCLUDE_IN_FRAMEWORK_HEADER = YES;
				CLANG_WARN_RANGE_LOOP_ANALYSIS = YES;
				CLANG_WARN_STRICT_PROTOTYPES = YES;
				CLANG_WARN_SUSPICIOUS_MOVE = YES;
				CLANG_WARN_UNGUARDED_AVAILABILITY = YES_AGGRESSIVE;
				CLANG_WARN_UNREACHABLE_CODE = YES;
				CLANG_WARN__DUPLICATE_METHOD_MATCH = YES;
				COPY_PHASE_STRIP = NO;
				DEBUG_INFORMATION_FORMAT = dwarf;
				ENABLE_STRICT_OBJC_MSGSEND = YES;
				ENABLE_TESTABILITY = YES;
				GCC_C_LANGUAGE_STANDARD = gnu11;
				GCC_DYNAMIC_NO_PIC = NO;
				GCC_NO_COMMON_BLOCKS = YES;
				GCC_OPTIMIZATION_LEVEL = 0;
				GCC_PREPROCESSOR_DEFINITIONS = (
					"DEBUG=1",
					"$(inherited)",
				);
				GCC_WARN_64_TO_32_BIT_CONVERSION = YES;
				GCC_WARN_ABOUT_RETURN_TYPE = YES_ERROR;
				GCC_WARN_UNDECLARED_SELECTOR = YES;
				GCC_WARN_UNINITIALIZED_AUTOS = YES_AGGRESSIVE;
				GCC_WARN_UNUSED_FUNCTION = YES;
				GCC_WARN_UNUSED_VARIABLE = YES;
				IPHONEOS_DEPLOYMENT_TARGET = 15.5;
				MTL_ENABLE_DEBUG_INFO = INCLUDE_SOURCE;
				MTL_FAST_MATH = YES;
				ONLY_ACTIVE_ARCH = YES;
				SDKROOT = iphoneos;
				SWIFT_ACTIVE_COMPILATION_CONDITIONS = DEBUG;
				SWIFT_OPTIMIZATION_LEVEL = "-Onone";
			};
			name = Debug;
		};
		9676D1A7284DF72A00C379B0 /* Release */ = {
			isa = XCBuildConfiguration;
			buildSettings = {
				ALWAYS_SEARCH_USER_PATHS = NO;
				CLANG_ANALYZER_NONNULL = YES;
				CLANG_ANALYZER_NUMBER_OBJECT_CONVERSION = YES_AGGRESSIVE;
				CLANG_CXX_LANGUAGE_STANDARD = "gnu++17";
				CLANG_ENABLE_MODULES = YES;
				CLANG_ENABLE_OBJC_ARC = YES;
				CLANG_ENABLE_OBJC_WEAK = YES;
				CLANG_WARN_BLOCK_CAPTURE_AUTORELEASING = YES;
				CLANG_WARN_BOOL_CONVERSION = YES;
				CLANG_WARN_COMMA = YES;
				CLANG_WARN_CONSTANT_CONVERSION = YES;
				CLANG_WARN_DEPRECATED_OBJC_IMPLEMENTATIONS = YES;
				CLANG_WARN_DIRECT_OBJC_ISA_USAGE = YES_ERROR;
				CLANG_WARN_DOCUMENTATION_COMMENTS = YES;
				CLANG_WARN_EMPTY_BODY = YES;
				CLANG_WARN_ENUM_CONVERSION = YES;
				CLANG_WARN_INFINITE_RECURSION = YES;
				CLANG_WARN_INT_CONVERSION = YES;
				CLANG_WARN_NON_LITERAL_NULL_CONVERSION = YES;
				CLANG_WARN_OBJC_IMPLICIT_RETAIN_SELF = YES;
				CLANG_WARN_OBJC_LITERAL_CONVERSION = YES;
				CLANG_WARN_OBJC_ROOT_CLASS = YES_ERROR;
				CLANG_WARN_QUOTED_INCLUDE_IN_FRAMEWORK_HEADER = YES;
				CLANG_WARN_RANGE_LOOP_ANALYSIS = YES;
				CLANG_WARN_STRICT_PROTOTYPES = YES;
				CLANG_WARN_SUSPICIOUS_MOVE = YES;
				CLANG_WARN_UNGUARDED_AVAILABILITY = YES_AGGRESSIVE;
				CLANG_WARN_UNREACHABLE_CODE = YES;
				CLANG_WARN__DUPLICATE_METHOD_MATCH = YES;
				COPY_PHASE_STRIP = NO;
				DEBUG_INFORMATION_FORMAT = "dwarf-with-dsym";
				ENABLE_NS_ASSERTIONS = NO;
				ENABLE_STRICT_OBJC_MSGSEND = YES;
				GCC_C_LANGUAGE_STANDARD = gnu11;
				GCC_NO_COMMON_BLOCKS = YES;
				GCC_WARN_64_TO_32_BIT_CONVERSION = YES;
				GCC_WARN_ABOUT_RETURN_TYPE = YES_ERROR;
				GCC_WARN_UNDECLARED_SELECTOR = YES;
				GCC_WARN_UNINITIALIZED_AUTOS = YES_AGGRESSIVE;
				GCC_WARN_UNUSED_FUNCTION = YES;
				GCC_WARN_UNUSED_VARIABLE = YES;
				IPHONEOS_DEPLOYMENT_TARGET = 15.5;
				MTL_ENABLE_DEBUG_INFO = NO;
				MTL_FAST_MATH = YES;
				SDKROOT = iphoneos;
				SWIFT_COMPILATION_MODE = wholemodule;
				SWIFT_OPTIMIZATION_LEVEL = "-O";
				VALIDATE_PRODUCT = YES;
			};
			name = Release;
		};
		9676D1A9284DF72A00C379B0 /* Debug */ = {
			isa = XCBuildConfiguration;
			buildSettings = {
				ASSETCATALOG_COMPILER_APPICON_NAME = AppIcon;
				ASSETCATALOG_COMPILER_GLOBAL_ACCENT_COLOR_NAME = AccentColor;
				CODE_SIGN_STYLE = Automatic;
				CURRENT_PROJECT_VERSION = 1;
				DEVELOPMENT_ASSET_PATHS = "\"DailyStudy/Preview Content\"";
				DEVELOPMENT_TEAM = B2RV52W8G3;
				ENABLE_PREVIEWS = YES;
				GENERATE_INFOPLIST_FILE = YES;
				INFOPLIST_KEY_NSLocationWhenInUseUsageDescription = "지도 권한 필요";
				INFOPLIST_KEY_UIApplicationSceneManifest_Generation = YES;
				INFOPLIST_KEY_UIApplicationSupportsIndirectInputEvents = YES;
				INFOPLIST_KEY_UILaunchScreen_Generation = YES;
				INFOPLIST_KEY_UISupportedInterfaceOrientations_iPad = "UIInterfaceOrientationPortrait UIInterfaceOrientationPortraitUpsideDown UIInterfaceOrientationLandscapeLeft UIInterfaceOrientationLandscapeRight";
				INFOPLIST_KEY_UISupportedInterfaceOrientations_iPhone = "UIInterfaceOrientationPortrait UIInterfaceOrientationLandscapeLeft UIInterfaceOrientationLandscapeRight";
				LD_RUNPATH_SEARCH_PATHS = (
					"$(inherited)",
					"@executable_path/Frameworks",
				);
				MARKETING_VERSION = 1.0;
				PRODUCT_BUNDLE_IDENTIFIER = com.swiftist.DailyStudy;
				PRODUCT_NAME = "$(TARGET_NAME)";
				SWIFT_EMIT_LOC_STRINGS = YES;
				SWIFT_VERSION = 5.0;
				TARGETED_DEVICE_FAMILY = "1,2";
			};
			name = Debug;
		};
		9676D1AA284DF72A00C379B0 /* Release */ = {
			isa = XCBuildConfiguration;
			buildSettings = {
				ASSETCATALOG_COMPILER_APPICON_NAME = AppIcon;
				ASSETCATALOG_COMPILER_GLOBAL_ACCENT_COLOR_NAME = AccentColor;
				CODE_SIGN_STYLE = Automatic;
				CURRENT_PROJECT_VERSION = 1;
				DEVELOPMENT_ASSET_PATHS = "\"DailyStudy/Preview Content\"";
				DEVELOPMENT_TEAM = B2RV52W8G3;
				ENABLE_PREVIEWS = YES;
				GENERATE_INFOPLIST_FILE = YES;
				INFOPLIST_KEY_NSLocationWhenInUseUsageDescription = "지도 권한 필요";
				INFOPLIST_KEY_UIApplicationSceneManifest_Generation = YES;
				INFOPLIST_KEY_UIApplicationSupportsIndirectInputEvents = YES;
				INFOPLIST_KEY_UILaunchScreen_Generation = YES;
				INFOPLIST_KEY_UISupportedInterfaceOrientations_iPad = "UIInterfaceOrientationPortrait UIInterfaceOrientationPortraitUpsideDown UIInterfaceOrientationLandscapeLeft UIInterfaceOrientationLandscapeRight";
				INFOPLIST_KEY_UISupportedInterfaceOrientations_iPhone = "UIInterfaceOrientationPortrait UIInterfaceOrientationLandscapeLeft UIInterfaceOrientationLandscapeRight";
				LD_RUNPATH_SEARCH_PATHS = (
					"$(inherited)",
					"@executable_path/Frameworks",
				);
				MARKETING_VERSION = 1.0;
				PRODUCT_BUNDLE_IDENTIFIER = com.swiftist.DailyStudy;
				PRODUCT_NAME = "$(TARGET_NAME)";
				SWIFT_EMIT_LOC_STRINGS = YES;
				SWIFT_VERSION = 5.0;
				TARGETED_DEVICE_FAMILY = "1,2";
			};
			name = Release;
		};
		9676D1AC284DF72A00C379B0 /* Debug */ = {
			isa = XCBuildConfiguration;
			buildSettings = {
				ALWAYS_EMBED_SWIFT_STANDARD_LIBRARIES = YES;
				BUNDLE_LOADER = "$(TEST_HOST)";
				CODE_SIGN_STYLE = Automatic;
				CURRENT_PROJECT_VERSION = 1;
				DEVELOPMENT_TEAM = B2RV52W8G3;
				GENERATE_INFOPLIST_FILE = YES;
				IPHONEOS_DEPLOYMENT_TARGET = 15.5;
				MARKETING_VERSION = 1.0;
				PRODUCT_BUNDLE_IDENTIFIER = com.swiftist.DailyStudyTests;
				PRODUCT_NAME = "$(TARGET_NAME)";
				SWIFT_EMIT_LOC_STRINGS = NO;
				SWIFT_VERSION = 5.0;
				TARGETED_DEVICE_FAMILY = "1,2";
				TEST_HOST = "$(BUILT_PRODUCTS_DIR)/DailyStudy.app/DailyStudy";
			};
			name = Debug;
		};
		9676D1AD284DF72A00C379B0 /* Release */ = {
			isa = XCBuildConfiguration;
			buildSettings = {
				ALWAYS_EMBED_SWIFT_STANDARD_LIBRARIES = YES;
				BUNDLE_LOADER = "$(TEST_HOST)";
				CODE_SIGN_STYLE = Automatic;
				CURRENT_PROJECT_VERSION = 1;
				DEVELOPMENT_TEAM = B2RV52W8G3;
				GENERATE_INFOPLIST_FILE = YES;
				IPHONEOS_DEPLOYMENT_TARGET = 15.5;
				MARKETING_VERSION = 1.0;
				PRODUCT_BUNDLE_IDENTIFIER = com.swiftist.DailyStudyTests;
				PRODUCT_NAME = "$(TARGET_NAME)";
				SWIFT_EMIT_LOC_STRINGS = NO;
				SWIFT_VERSION = 5.0;
				TARGETED_DEVICE_FAMILY = "1,2";
				TEST_HOST = "$(BUILT_PRODUCTS_DIR)/DailyStudy.app/DailyStudy";
			};
			name = Release;
		};
		9676D1AF284DF72A00C379B0 /* Debug */ = {
			isa = XCBuildConfiguration;
			buildSettings = {
				ALWAYS_EMBED_SWIFT_STANDARD_LIBRARIES = YES;
				CODE_SIGN_STYLE = Automatic;
				CURRENT_PROJECT_VERSION = 1;
				DEVELOPMENT_TEAM = B2RV52W8G3;
				GENERATE_INFOPLIST_FILE = YES;
				MARKETING_VERSION = 1.0;
				PRODUCT_BUNDLE_IDENTIFIER = com.swiftist.DailyStudyUITests;
				PRODUCT_NAME = "$(TARGET_NAME)";
				SWIFT_EMIT_LOC_STRINGS = NO;
				SWIFT_VERSION = 5.0;
				TARGETED_DEVICE_FAMILY = "1,2";
				TEST_TARGET_NAME = DailyStudy;
			};
			name = Debug;
		};
		9676D1B0284DF72A00C379B0 /* Release */ = {
			isa = XCBuildConfiguration;
			buildSettings = {
				ALWAYS_EMBED_SWIFT_STANDARD_LIBRARIES = YES;
				CODE_SIGN_STYLE = Automatic;
				CURRENT_PROJECT_VERSION = 1;
				DEVELOPMENT_TEAM = B2RV52W8G3;
				GENERATE_INFOPLIST_FILE = YES;
				MARKETING_VERSION = 1.0;
				PRODUCT_BUNDLE_IDENTIFIER = com.swiftist.DailyStudyUITests;
				PRODUCT_NAME = "$(TARGET_NAME)";
				SWIFT_EMIT_LOC_STRINGS = NO;
				SWIFT_VERSION = 5.0;
				TARGETED_DEVICE_FAMILY = "1,2";
				TEST_TARGET_NAME = DailyStudy;
			};
			name = Release;
		};
/* End XCBuildConfiguration section */

/* Begin XCConfigurationList section */
		9676D17F284DF72A00C379B0 /* Build configuration list for PBXProject "DailyStudy" */ = {
			isa = XCConfigurationList;
			buildConfigurations = (
				9676D1A6284DF72A00C379B0 /* Debug */,
				9676D1A7284DF72A00C379B0 /* Release */,
			);
			defaultConfigurationIsVisible = 0;
			defaultConfigurationName = Release;
		};
		9676D1A8284DF72A00C379B0 /* Build configuration list for PBXNativeTarget "DailyStudy" */ = {
			isa = XCConfigurationList;
			buildConfigurations = (
				9676D1A9284DF72A00C379B0 /* Debug */,
				9676D1AA284DF72A00C379B0 /* Release */,
			);
			defaultConfigurationIsVisible = 0;
			defaultConfigurationName = Release;
		};
		9676D1AB284DF72A00C379B0 /* Build configuration list for PBXNativeTarget "DailyStudyTests" */ = {
			isa = XCConfigurationList;
			buildConfigurations = (
				9676D1AC284DF72A00C379B0 /* Debug */,
				9676D1AD284DF72A00C379B0 /* Release */,
			);
			defaultConfigurationIsVisible = 0;
			defaultConfigurationName = Release;
		};
		9676D1AE284DF72A00C379B0 /* Build configuration list for PBXNativeTarget "DailyStudyUITests" */ = {
			isa = XCConfigurationList;
			buildConfigurations = (
				9676D1AF284DF72A00C379B0 /* Debug */,
				9676D1B0284DF72A00C379B0 /* Release */,
			);
			defaultConfigurationIsVisible = 0;
			defaultConfigurationName = Release;
		};
/* End XCConfigurationList section */

/* Begin XCRemoteSwiftPackageReference section */
		9676D1B5284E071100C379B0 /* XCRemoteSwiftPackageReference "SwiftUIPager" */ = {
			isa = XCRemoteSwiftPackageReference;
			repositoryURL = "https://github.com/fermoya/SwiftUIPager";
			requirement = {
				kind = upToNextMajorVersion;
				minimumVersion = 2.0.0;
			};
		};
/* End XCRemoteSwiftPackageReference section */

/* Begin XCSwiftPackageProductDependency section */
		9676D1B6284E071100C379B0 /* SwiftUIPager */ = {
			isa = XCSwiftPackageProductDependency;
			package = 9676D1B5284E071100C379B0 /* XCRemoteSwiftPackageReference "SwiftUIPager" */;
			productName = SwiftUIPager;
		};
/* End XCSwiftPackageProductDependency section */
	};
	rootObject = 9676D17C284DF72A00C379B0 /* Project object */;
}
